
Microsoft Visual Studio Solution File, Format Version 12.00
# Visual Studio Version 17
VisualStudioVersion = 17.5.002.0
MinimumVisualStudioVersion = 10.0.40219.1
Project("{9A19103F-16F7-4668-BE54-9A1E7A4F7556}") = "VolMix", "VolMix.csproj", "{79BF190C-8484-4312-BA67-E1A990042804}"
EndProject
Global
	GlobalSection(SolutionConfigurationPlatforms) = preSolution
		Debug|Any CPU = Debug|Any CPU
		Release|Any CPU = Release|Any CPU
	EndGlobalSection
	GlobalSection(ProjectConfigurationPlatforms) = postSolution
		{79BF190C-8484-4312-BA67-E1A990042804}.Debug|Any CPU.ActiveCfg = Debug|Any CPU
		{79BF190C-8484-4312-BA67-E1A990042804}.Debug|Any CPU.Build.0 = Debug|Any CPU
		{79BF190C-8484-4312-BA67-E1A990042804}.Release|Any CPU.ActiveCfg = Release|Any CPU
		{79BF190C-8484-4312-BA67-E1A990042804}.Release|Any CPU.Build.0 = Release|Any CPU
	EndGlobalSection
	GlobalSection(SolutionProperties) = preSolution
		HideSolutionNode = FALSE
	EndGlobalSection
	GlobalSection(ExtensibilityGlobals) = postSolution
		SolutionGuid = {426C9A6A-C059-4CB1-AD81-558B1517B327}
	EndGlobalSection
EndGlobal
